
Microsoft Visual Studio Solution File, Format Version 12.00
# Visual Studio Version 17
VisualStudioVersion = 17.3.32929.385
MinimumVisualStudioVersion = 10.0.40219.1
Project("{FAE04EC0-301F-11D3-BF4B-00C04F79EFBC}") = "candy", "candy\candy.csproj", "{B6068776-E434-4F29-8191-EDFC91CAD4B7}"
EndProject
Global
	GlobalSection(SolutionConfigurationPlatforms) = preSolution
		Debug|Any CPU = Debug|Any CPU
		Release|Any CPU = Release|Any CPU
	EndGlobalSection
	GlobalSection(ProjectConfigurationPlatforms) = postSolution
		{B6068776-E434-4F29-8191-EDFC91CAD4B7}.Debug|Any CPU.ActiveCfg = Debug|Any CPU
		{B6068776-E434-4F29-8191-EDFC91CAD4B7}.Debug|Any CPU.Build.0 = Debug|Any CPU
		{B6068776-E434-4F29-8191-EDFC91CAD4B7}.Release|Any CPU.ActiveCfg = Release|Any CPU
		{B6068776-E434-4F29-8191-EDFC91CAD4B7}.Release|Any CPU.Build.0 = Release|Any CPU
	EndGlobalSection
	GlobalSection(SolutionProperties) = preSolution
		HideSolutionNode = FALSE
	EndGlobalSection
	GlobalSection(ExtensibilityGlobals) = postSolution
		SolutionGuid = {DB2EE7F4-A586-4429-B20A-A158B011BC06}
	EndGlobalSection
EndGlobal
