
Microsoft Visual Studio Solution File, Format Version 12.00
# Visual Studio Version 17
VisualStudioVersion = 17.3.32929.385
MinimumVisualStudioVersion = 10.0.40219.1
Project("{FAE04EC0-301F-11D3-BF4B-00C04F79EFBC}") = "Bingo_Demo", "Bingo_Demo\Bingo_Demo.csproj", "{77D6AC5C-B38C-465C-8CC2-6E7F1320BAAA}"
EndProject
Global
	GlobalSection(SolutionConfigurationPlatforms) = preSolution
		Debug|Any CPU = Debug|Any CPU
		Release|Any CPU = Release|Any CPU
	EndGlobalSection
	GlobalSection(ProjectConfigurationPlatforms) = postSolution
		{77D6AC5C-B38C-465C-8CC2-6E7F1320BAAA}.Debug|Any CPU.ActiveCfg = Debug|Any CPU
		{77D6AC5C-B38C-465C-8CC2-6E7F1320BAAA}.Debug|Any CPU.Build.0 = Debug|Any CPU
		{77D6AC5C-B38C-465C-8CC2-6E7F1320BAAA}.Release|Any CPU.ActiveCfg = Release|Any CPU
		{77D6AC5C-B38C-465C-8CC2-6E7F1320BAAA}.Release|Any CPU.Build.0 = Release|Any CPU
	EndGlobalSection
	GlobalSection(SolutionProperties) = preSolution
		HideSolutionNode = FALSE
	EndGlobalSection
	GlobalSection(ExtensibilityGlobals) = postSolution
		SolutionGuid = {F13D7A16-5926-4727-8EA9-6A8A24F938B3}
	EndGlobalSection
EndGlobal
